
Microsoft Visual Studio Solution File, Format Version 12.00
# Visual Studio 15
VisualStudioVersion = 15.0.27004.2008
MinimumVisualStudioVersion = 10.0.40219.1
Project("{8BC9CEB8-8B4A-11D0-8D11-00A0C91BC942}") = "Gra_wyskokowa", "Gra_wyskokowa\Gra_wyskokowa.vcxproj", "{2B040073-0F00-4F14-8D1A-99F7599DE9C8}"
EndProject
Global
	GlobalSection(SolutionConfigurationPlatforms) = preSolution
		Debug|x64 = Debug|x64
		Debug|x86 = Debug|x86
		Release|x64 = Release|x64
		Release|x86 = Release|x86
	EndGlobalSection
	GlobalSection(ProjectConfigurationPlatforms) = postSolution
		{2B040073-0F00-4F14-8D1A-99F7599DE9C8}.Debug|x64.ActiveCfg = Debug|x64
		{2B040073-0F00-4F14-8D1A-99F7599DE9C8}.Debug|x64.Build.0 = Debug|x64
		{2B040073-0F00-4F14-8D1A-99F7599DE9C8}.Debug|x86.ActiveCfg = Debug|Win32
		{2B040073-0F00-4F14-8D1A-99F7599DE9C8}.Debug|x86.Build.0 = Debug|Win32
		{2B040073-0F00-4F14-8D1A-99F7599DE9C8}.Release|x64.ActiveCfg = Release|x64
		{2B040073-0F00-4F14-8D1A-99F7599DE9C8}.Release|x64.Build.0 = Release|x64
		{2B040073-0F00-4F14-8D1A-99F7599DE9C8}.Release|x86.ActiveCfg = Release|Win32
		{2B040073-0F00-4F14-8D1A-99F7599DE9C8}.Release|x86.Build.0 = Release|Win32
	EndGlobalSection
	GlobalSection(SolutionProperties) = preSolution
		HideSolutionNode = FALSE
	EndGlobalSection
	GlobalSection(ExtensibilityGlobals) = postSolution
		SolutionGuid = {F4A33F26-C93B-4526-AE97-6BE79140F2D1}
	EndGlobalSection
EndGlobal
